
Microsoft Visual Studio Solution File, Format Version 12.00
# Visual Studio Version 17
VisualStudioVersion = 17.7.34221.43
MinimumVisualStudioVersion = 10.0.40219.1
Project("{FAE04EC0-301F-11D3-BF4B-00C04F79EFBC}") = "par o impar", "par o impar\par o impar.csproj", "{EDEA4D6C-4D93-4B20-A54E-62E665A77CE6}"
EndProject
Global
	GlobalSection(SolutionConfigurationPlatforms) = preSolution
		Debug|Any CPU = Debug|Any CPU
		Release|Any CPU = Release|Any CPU
	EndGlobalSection
	GlobalSection(ProjectConfigurationPlatforms) = postSolution
		{EDEA4D6C-4D93-4B20-A54E-62E665A77CE6}.Debug|Any CPU.ActiveCfg = Debug|Any CPU
		{EDEA4D6C-4D93-4B20-A54E-62E665A77CE6}.Debug|Any CPU.Build.0 = Debug|Any CPU
		{EDEA4D6C-4D93-4B20-A54E-62E665A77CE6}.Release|Any CPU.ActiveCfg = Release|Any CPU
		{EDEA4D6C-4D93-4B20-A54E-62E665A77CE6}.Release|Any CPU.Build.0 = Release|Any CPU
	EndGlobalSection
	GlobalSection(SolutionProperties) = preSolution
		HideSolutionNode = FALSE
	EndGlobalSection
	GlobalSection(ExtensibilityGlobals) = postSolution
		SolutionGuid = {E0FE4FAA-3887-45C6-92DB-BB7C6A0CF12F}
	EndGlobalSection
EndGlobal
